
Microsoft Visual Studio Solution File, Format Version 12.00
# Visual Studio Version 17
VisualStudioVersion = 17.7.34031.279
MinimumVisualStudioVersion = 10.0.40219.1
Project("{FAE04EC0-301F-11D3-BF4B-00C04F79EFBC}") = "Zadanie2", "Zadanie2\Zadanie2.csproj", "{96FB460C-4097-4F6B-9CB4-DC44FF01B096}"
EndProject
Global
	GlobalSection(SolutionConfigurationPlatforms) = preSolution
		Debug|Any CPU = Debug|Any CPU
		Release|Any CPU = Release|Any CPU
	EndGlobalSection
	GlobalSection(ProjectConfigurationPlatforms) = postSolution
		{96FB460C-4097-4F6B-9CB4-DC44FF01B096}.Debug|Any CPU.ActiveCfg = Debug|Any CPU
		{96FB460C-4097-4F6B-9CB4-DC44FF01B096}.Debug|Any CPU.Build.0 = Debug|Any CPU
		{96FB460C-4097-4F6B-9CB4-DC44FF01B096}.Release|Any CPU.ActiveCfg = Release|Any CPU
		{96FB460C-4097-4F6B-9CB4-DC44FF01B096}.Release|Any CPU.Build.0 = Release|Any CPU
	EndGlobalSection
	GlobalSection(SolutionProperties) = preSolution
		HideSolutionNode = FALSE
	EndGlobalSection
	GlobalSection(ExtensibilityGlobals) = postSolution
		SolutionGuid = {48C53306-887E-488F-B745-480F15B31713}
	EndGlobalSection
EndGlobal
